github.com/aws/aws-sdk-go-v2 v1.27.0 h1:7bZWKoXhzI+mMR/HjdMx8ZCC5+6fY0lS5tr0bbgiLlo=
github.com/aws/aws-sdk-go-v2 v1.27.0/go.mod h1:ffIFB97e2yNsv4aTSGkqtHnppsIJzw7G7BReUZ3jCXM=
github.com/aws/aws-sdk-go-v2/internal/configsources v1.3.7 h1:lf/8VTF2cM+N4SLzaYJERKEWAXq8MOMpZfU6wEPWsPk=
github.com/aws/aws-sdk-go-v2/internal/configsources v1.3.7/go.mod h1:4SjkU7QiqK2M9oozyMzfZ/23LmUY+h3oFqhdeP5OMiI=
github.com/aws/aws-sdk-go-v2/internal/endpoints/v2 v2.6.7 h1:4OYVp0705xu8yjdyoWix0r9wPIRXnIzzOoUpQVHIJ/g=
github.com/aws/aws-sdk-go-v2/internal/endpoints/v2 v2.6.7/go.mod h1:vd7ESTEvI76T2Na050gODNmNU7+OyKrIKroYTu4ABiI=
github.com/aws/aws-sdk-go-v2/service/sns v1.29.8 h1:CQicXbvanE/nn+MJQVuDzBplQSFj7M+gLLtArzDVZS4=
github.com/aws/aws-sdk-go-v2/service/sns v1.29.8/go.mod h1:oP1vkszM8xdAqHMdBstE5TF3xc+yHwQYrAvkNharymc=
github.com/aws/aws-sdk-go-v2/service/sqs v1.32.3 h1:K0kIvRVzlVB/7onxMnRoqJkBqRdukIeaQ5GwGAmzggM=
github.com/aws/aws-sdk-go-v2/service/sqs v1.32.3/go.mod h1:xPN9AEzpZ3Ny+HpzsyLBrdXoTFOz7tig6xuYOQ3A0bQ=
github.com/aws/smithy-go v1.20.2 h1:tbp628ireGtzcHDDmLT/6ADHidqnwgF57XOXZe6tp4Q=
github.com/aws/smithy-go v1.20.2/go.mod h1:krry+ya/rV9RDcV/Q16kpu6ypI4K2czasz0NC3qS14E=
